
Microsoft Visual Studio Solution File, Format Version 12.00
# Visual Studio Version 17
VisualStudioVersion = 17.14.36518.9
MinimumVisualStudioVersion = 10.0.40219.1
Project("{2150E333-8FDC-42A3-9474-1A3956D46DE8}") = "Task0", "Task0", "{02EA681E-C7D8-13C7-8484-4AC65E1B71E8}"
EndProject
Project("{FAE04EC0-301F-11D3-BF4B-00C04F79EFBC}") = "Tyuiu.RadchenkoAV.Sprint1.Task0.V14", "Tyuiu.RasdchenkoAV.Sprint1.Task0.V14\Tyuiu.RadchenkoAV.Sprint1.Task0.V14.csproj", "{8DDA9DE7-5877-43A2-A059-ABF5950A85D6}"
EndProject
Project("{FAE04EC0-301F-11D3-BF4B-00C04F79EFBC}") = "Tyuiu.RadchenkoAV.Sprint1.Task0.V14.Lib", "Tyuiu.RadchenkoAV.Sprint1.Task0.V14.Lib\Tyuiu.RadchenkoAV.Sprint1.Task0.V14.Lib.csproj", "{ADF77C5C-2A18-4C0F-9BA4-2D0605D58D78}"
EndProject
Project("{FAE04EC0-301F-11D3-BF4B-00C04F79EFBC}") = "Tyuiu.RadchenkoAV.Sprint1.Task0.V14.Test", "Tyuiu.RadchenkoAV.Sprint1.Task0.V14.Test\Tyuiu.RadchenkoAV.Sprint1.Task0.V14.Test.csproj", "{9AB2810D-3061-4962-B879-368EA5914E75}"
EndProject
Project("{2150E333-8FDC-42A3-9474-1A3956D46DE8}") = "Task1", "Task1", "{C249B59D-F098-4953-A8D3-40161031E341}"
EndProject
Project("{FAE04EC0-301F-11D3-BF4B-00C04F79EFBC}") = "Tyuiu.RadchenkoAV.Sprint1.Task1.V4", "Tyuiu.RadchenkoAV.Sprint1.Task1.V4\Tyuiu.RadchenkoAV.Sprint1.Task1.V4.csproj", "{3B10B9C4-36E8-4C7A-8D65-E70793F4038E}"
EndProject
Project("{FAE04EC0-301F-11D3-BF4B-00C04F79EFBC}") = "Tyuiu.RadchenkoAV.Sprint1.Task1.V4.Lib", "Tyuiu.RadchenkoAV.Sprint1.Task1.V4.Lib\Tyuiu.RadchenkoAV.Sprint1.Task1.V4.Lib.csproj", "{32443A6F-434E-4992-BD6B-6774BBAAE036}"
EndProject
Project("{FAE04EC0-301F-11D3-BF4B-00C04F79EFBC}") = "Tyuiu.RadchenkoAV.Sprint1.Task1.V4.Test", "Tyuiu.RadchenkoAV.Sprint1.Task1.V4.Test\Tyuiu.RadchenkoAV.Sprint1.Task1.V4.Test.csproj", "{F0A9EAEA-446A-4976-AC6F-0AE8D7123470}"
EndProject
Project("{2150E333-8FDC-42A3-9474-1A3956D46DE8}") = "Task2", "Task2", "{A991928C-3B2E-400E-9454-BF3FB1159D20}"
EndProject
Project("{FAE04EC0-301F-11D3-BF4B-00C04F79EFBC}") = "Tyuiu.RadchenkoAV.Sprint1.Task2.V25", "Tyuiu.RadchenkoAV.Sprint1.Task2.V25\Tyuiu.RadchenkoAV.Sprint1.Task2.V25.csproj", "{A78CE371-DE8D-47D8-BCD6-613DF139B9A5}"
EndProject
Project("{FAE04EC0-301F-11D3-BF4B-00C04F79EFBC}") = "Tyuiu.RadchenkoAV.Sprint1.Task2.V25.Lib", "Tyuiu.RadchenkoAV.Sprint1.Task2.V25.Lib\Tyuiu.RadchenkoAV.Sprint1.Task2.V25.Lib.csproj", "{9A7E7155-002D-4D64-BF72-A2635650E8A6}"
EndProject
Project("{FAE04EC0-301F-11D3-BF4B-00C04F79EFBC}") = "Tyuiu.RadchenkoAV.Sprint1.Task2.V25.Test", "Tyuiu.RadchenkoAV.Sprint1.Task2.V25.Test\Tyuiu.RadchenkoAV.Sprint1.Task2.V25.Test.csproj", "{BB1750EA-94BE-4A4A-BCC0-075A4241483C}"
EndProject
Project("{2150E333-8FDC-42A3-9474-1A3956D46DE8}") = "Task3", "Task3", "{562838F6-9BDD-4412-86B7-C60E4DCE8538}"
EndProject
Project("{FAE04EC0-301F-11D3-BF4B-00C04F79EFBC}") = "Tyuiu.RadchenkoAV.Sprint1.Task3.V5", "Tyuiu.RadchenkoAV.Sprint1.Task3.V5\Tyuiu.RadchenkoAV.Sprint1.Task3.V5.csproj", "{5567049E-226C-495F-8478-86F72074609C}"
EndProject
Project("{FAE04EC0-301F-11D3-BF4B-00C04F79EFBC}") = "Tyuiu.RadchenkoAV.Sprint1.Task3.V5.Lib", "Tyuiu.RadchenkoAV.Sprint1.Task3.V5.Lib\Tyuiu.RadchenkoAV.Sprint1.Task3.V5.Lib.csproj", "{4536E1DA-52B2-4B6F-9056-652CD502455E}"
EndProject
Project("{FAE04EC0-301F-11D3-BF4B-00C04F79EFBC}") = "Tyuiu.RadchenkoAV.Sprint1.Task3.V5.Test", "Tyuiu.RadchenkoAV.Sprint1.Task3.V5.Test\Tyuiu.RadchenkoAV.Sprint1.Task3.V5.Test.csproj", "{F6ABB760-9E39-49D8-964E-1B3FFA27825A}"
EndProject
Project("{2150E333-8FDC-42A3-9474-1A3956D46DE8}") = "Task4", "Task4", "{20FD8882-5EF5-48EF-AA53-FDD5494851D0}"
EndProject
Project("{FAE04EC0-301F-11D3-BF4B-00C04F79EFBC}") = "Tyuiu.RadchenkoAV.Sprint1.Task4.V18", "Tyuiu.RadchenkoAV.Sprint1.Task4.V18\Tyuiu.RadchenkoAV.Sprint1.Task4.V18.csproj", "{2002F5AC-D6FA-49AF-80FF-75C3089F5C42}"
EndProject
Project("{FAE04EC0-301F-11D3-BF4B-00C04F79EFBC}") = "Tyuiu.RadchenkoAV.Sprint1.Task4.V18.Lib", "Tyuiu.RadchenkoAV.Sprint1.Task4.V18.Lib\Tyuiu.RadchenkoAV.Sprint1.Task4.V18.Lib.csproj", "{CF93BF21-CDD7-4C7A-A886-1960CC20470E}"
EndProject
Project("{FAE04EC0-301F-11D3-BF4B-00C04F79EFBC}") = "Tyuiu.RadchenkoAV.Sprint1.Task4.V18.Test", "Tyuiu.RadchenkoAV.Sprint1.Task4.V18.Test\Tyuiu.RadchenkoAV.Sprint1.Task4.V18.Test.csproj", "{8A93B705-9582-464D-93B7-1164CAE43675}"
EndProject
Project("{2150E333-8FDC-42A3-9474-1A3956D46DE8}") = "Task5", "Task5", "{442CC355-DD9F-4EA8-BB4F-4638B987A2E8}"
EndProject
Project("{FAE04EC0-301F-11D3-BF4B-00C04F79EFBC}") = "Tyuiu.RadchenkoAV.Sprint1.Task5.V1", "Tyuiu.RadchenkoAV.Sprint1.Task5.V1\Tyuiu.RadchenkoAV.Sprint1.Task5.V1.csproj", "{B58EEABE-28DA-4CE7-B14E-C8A4262C6EE4}"
EndProject
Project("{FAE04EC0-301F-11D3-BF4B-00C04F79EFBC}") = "Tyuiu.RadchenkoAV.Sprint1.Task5.V1.Lib", "Tyuiu.RadchenkoAV.Sprint1.Task5.V1.Lib\Tyuiu.RadchenkoAV.Sprint1.Task5.V1.Lib.csproj", "{DAB7FAB8-3501-4E51-B94F-A2E74AEA90CD}"
EndProject
Project("{FAE04EC0-301F-11D3-BF4B-00C04F79EFBC}") = "Tyuiu.RadchenkoAV.Sprint1.Task5.V1.Test", "Tyuiu.RadchenkoAV.Sprint1.Task5.V1.Test\Tyuiu.RadchenkoAV.Sprint1.Task5.V1.Test.csproj", "{40CC1BB0-A036-478A-9443-77ED6B72CFB1}"
EndProject
Project("{2150E333-8FDC-42A3-9474-1A3956D46DE8}") = "Task6", "Task6", "{524EEB7A-A0A1-468B-8D6F-0D5482676649}"
EndProject
Project("{2150E333-8FDC-42A3-9474-1A3956D46DE8}") = "Task7", "Task7", "{1D2F46F1-0FA9-4125-AE9E-BF7821058CC3}"
EndProject
Project("{FAE04EC0-301F-11D3-BF4B-00C04F79EFBC}") = "Tyuiu.RadchenkoAV.Sprint1.Task6.V7", "Tyuiu.RadchenkoAV.Sprint1.Task6.V7\Tyuiu.RadchenkoAV.Sprint1.Task6.V7.csproj", "{87535B09-1463-468F-9CDF-8F60D0B76FDE}"
EndProject
Project("{FAE04EC0-301F-11D3-BF4B-00C04F79EFBC}") = "Tyuiu.RadchenkoAV.Sprint1.Task6.V7.Lib", "Tyuiu.RadchenkoAV.Sprint1.Task6.V7.Lib\Tyuiu.RadchenkoAV.Sprint1.Task6.V7.Lib.csproj", "{C92A6FED-A3CC-4909-95D5-DE05D1B99970}"
EndProject
Project("{FAE04EC0-301F-11D3-BF4B-00C04F79EFBC}") = "Tyuiu.RadchenkoAV.Sprint1.Task6.V7.Test", "Tyuiu.RadchenkoAV.Sprint1.Task6.V7.Test\Tyuiu.RadchenkoAV.Sprint1.Task6.V7.Test.csproj", "{021A0A87-7691-4472-94AD-57887D39378F}"
EndProject
Project("{FAE04EC0-301F-11D3-BF4B-00C04F79EFBC}") = "Tyuiu.RadchenkoAV.Sprint1.Task7.V30", "Tyuiu.RadchenkoAV.Sprint1.Task7.V30\Tyuiu.RadchenkoAV.Sprint1.Task7.V30.csproj", "{DE7FD4F0-E150-4926-A459-6437DCBA7D18}"
EndProject
Project("{FAE04EC0-301F-11D3-BF4B-00C04F79EFBC}") = "Tyuiu.RadchenkoAV.Sprint1.Task7.V30.Lib", "Tyuiu.RadchenkoAV.Sprint1.Task7.V30.Lib\Tyuiu.RadchenkoAV.Sprint1.Task7.V30.Lib.csproj", "{F8F3219B-233D-49ED-BAF8-F976372B2403}"
EndProject
Project("{FAE04EC0-301F-11D3-BF4B-00C04F79EFBC}") = "Tyuiu.RadchenkoAV.Sprint1.Task7.V30.Test", "Tyuiu.RadchenkoAV.Sprint1.Task7.V30.Test\Tyuiu.RadchenkoAV.Sprint1.Task7.V30.Test.csproj", "{9FE8567D-317A-468F-9BBD-BBCFBD4EE82B}"
EndProject
Global
	GlobalSection(SolutionConfigurationPlatforms) = preSolution
		Debug|Any CPU = Debug|Any CPU
		Release|Any CPU = Release|Any CPU
	EndGlobalSection
	GlobalSection(ProjectConfigurationPlatforms) = postSolution
		{8DDA9DE7-5877-43A2-A059-ABF5950A85D6}.Debug|Any CPU.ActiveCfg = Debug|Any CPU
		{8DDA9DE7-5877-43A2-A059-ABF5950A85D6}.Debug|Any CPU.Build.0 = Debug|Any CPU
		{8DDA9DE7-5877-43A2-A059-ABF5950A85D6}.Release|Any CPU.ActiveCfg = Release|Any CPU
		{8DDA9DE7-5877-43A2-A059-ABF5950A85D6}.Release|Any CPU.Build.0 = Release|Any CPU
		{ADF77C5C-2A18-4C0F-9BA4-2D0605D58D78}.Debug|Any CPU.ActiveCfg = Debug|Any CPU
		{ADF77C5C-2A18-4C0F-9BA4-2D0605D58D78}.Debug|Any CPU.Build.0 = Debug|Any CPU
		{ADF77C5C-2A18-4C0F-9BA4-2D0605D58D78}.Release|Any CPU.ActiveCfg = Release|Any CPU
		{ADF77C5C-2A18-4C0F-9BA4-2D0605D58D78}.Release|Any CPU.Build.0 = Release|Any CPU
		{9AB2810D-3061-4962-B879-368EA5914E75}.Debug|Any CPU.ActiveCfg = Debug|Any CPU
		{9AB2810D-3061-4962-B879-368EA5914E75}.Debug|Any CPU.Build.0 = Debug|Any CPU
		{9AB2810D-3061-4962-B879-368EA5914E75}.Release|Any CPU.ActiveCfg = Release|Any CPU
		{9AB2810D-3061-4962-B879-368EA5914E75}.Release|Any CPU.Build.0 = Release|Any CPU
		{3B10B9C4-36E8-4C7A-8D65-E70793F4038E}.Debug|Any CPU.ActiveCfg = Debug|Any CPU
		{3B10B9C4-36E8-4C7A-8D65-E70793F4038E}.Debug|Any CPU.Build.0 = Debug|Any CPU
		{3B10B9C4-36E8-4C7A-8D65-E70793F4038E}.Release|Any CPU.ActiveCfg = Release|Any CPU
		{3B10B9C4-36E8-4C7A-8D65-E70793F4038E}.Release|Any CPU.Build.0 = Release|Any CPU
		{32443A6F-434E-4992-BD6B-6774BBAAE036}.Debug|Any CPU.ActiveCfg = Debug|Any CPU
		{32443A6F-434E-4992-BD6B-6774BBAAE036}.Debug|Any CPU.Build.0 = Debug|Any CPU
		{32443A6F-434E-4992-BD6B-6774BBAAE036}.Release|Any CPU.ActiveCfg = Release|Any CPU
		{32443A6F-434E-4992-BD6B-6774BBAAE036}.Release|Any CPU.Build.0 = Release|Any CPU
		{F0A9EAEA-446A-4976-AC6F-0AE8D7123470}.Debug|Any CPU.ActiveCfg = Debug|Any CPU
		{F0A9EAEA-446A-4976-AC6F-0AE8D7123470}.Debug|Any CPU.Build.0 = Debug|Any CPU
		{F0A9EAEA-446A-4976-AC6F-0AE8D7123470}.Release|Any CPU.ActiveCfg = Release|Any CPU
		{F0A9EAEA-446A-4976-AC6F-0AE8D7123470}.Release|Any CPU.Build.0 = Release|Any CPU
		{A78CE371-DE8D-47D8-BCD6-613DF139B9A5}.Debug|Any CPU.ActiveCfg = Debug|Any CPU
		{A78CE371-DE8D-47D8-BCD6-613DF139B9A5}.Debug|Any CPU.Build.0 = Debug|Any CPU
		{A78CE371-DE8D-47D8-BCD6-613DF139B9A5}.Release|Any CPU.ActiveCfg = Release|Any CPU
		{A78CE371-DE8D-47D8-BCD6-613DF139B9A5}.Release|Any CPU.Build.0 = Release|Any CPU
		{9A7E7155-002D-4D64-BF72-A2635650E8A6}.Debug|Any CPU.ActiveCfg = Debug|Any CPU
		{9A7E7155-002D-4D64-BF72-A2635650E8A6}.Debug|Any CPU.Build.0 = Debug|Any CPU
		{9A7E7155-002D-4D64-BF72-A2635650E8A6}.Release|Any CPU.ActiveCfg = Release|Any CPU
		{9A7E7155-002D-4D64-BF72-A2635650E8A6}.Release|Any CPU.Build.0 = Release|Any CPU
		{BB1750EA-94BE-4A4A-BCC0-075A4241483C}.Debug|Any CPU.ActiveCfg = Debug|Any CPU
		{BB1750EA-94BE-4A4A-BCC0-075A4241483C}.Debug|Any CPU.Build.0 = Debug|Any CPU
		{BB1750EA-94BE-4A4A-BCC0-075A4241483C}.Release|Any CPU.ActiveCfg = Release|Any CPU
		{BB1750EA-94BE-4A4A-BCC0-075A4241483C}.Release|Any CPU.Build.0 = Release|Any CPU
		{5567049E-226C-495F-8478-86F72074609C}.Debug|Any CPU.ActiveCfg = Debug|Any CPU
		{5567049E-226C-495F-8478-86F72074609C}.Debug|Any CPU.Build.0 = Debug|Any CPU
		{5567049E-226C-495F-8478-86F72074609C}.Release|Any CPU.ActiveCfg = Release|Any CPU
		{5567049E-226C-495F-8478-86F72074609C}.Release|Any CPU.Build.0 = Release|Any CPU
		{4536E1DA-52B2-4B6F-9056-652CD502455E}.Debug|Any CPU.ActiveCfg = Debug|Any CPU
		{4536E1DA-52B2-4B6F-9056-652CD502455E}.Debug|Any CPU.Build.0 = Debug|Any CPU
		{4536E1DA-52B2-4B6F-9056-652CD502455E}.Release|Any CPU.ActiveCfg = Release|Any CPU
		{4536E1DA-52B2-4B6F-9056-652CD502455E}.Release|Any CPU.Build.0 = Release|Any CPU
		{F6ABB760-9E39-49D8-964E-1B3FFA27825A}.Debug|Any CPU.ActiveCfg = Debug|Any CPU
		{F6ABB760-9E39-49D8-964E-1B3FFA27825A}.Debug|Any CPU.Build.0 = Debug|Any CPU
		{F6ABB760-9E39-49D8-964E-1B3FFA27825A}.Release|Any CPU.ActiveCfg = Release|Any CPU
		{F6ABB760-9E39-49D8-964E-1B3FFA27825A}.Release|Any CPU.Build.0 = Release|Any CPU
		{2002F5AC-D6FA-49AF-80FF-75C3089F5C42}.Debug|Any CPU.ActiveCfg = Debug|Any CPU
		{2002F5AC-D6FA-49AF-80FF-75C3089F5C42}.Debug|Any CPU.Build.0 = Debug|Any CPU
		{2002F5AC-D6FA-49AF-80FF-75C3089F5C42}.Release|Any CPU.ActiveCfg = Release|Any CPU
		{2002F5AC-D6FA-49AF-80FF-75C3089F5C42}.Release|Any CPU.Build.0 = Release|Any CPU
		{CF93BF21-CDD7-4C7A-A886-1960CC20470E}.Debug|Any CPU.ActiveCfg = Debug|Any CPU
		{CF93BF21-CDD7-4C7A-A886-1960CC20470E}.Debug|Any CPU.Build.0 = Debug|Any CPU
		{CF93BF21-CDD7-4C7A-A886-1960CC20470E}.Release|Any CPU.ActiveCfg = Release|Any CPU
		{CF93BF21-CDD7-4C7A-A886-1960CC20470E}.Release|Any CPU.Build.0 = Release|Any CPU
		{8A93B705-9582-464D-93B7-1164CAE43675}.Debug|Any CPU.ActiveCfg = Debug|Any CPU
		{8A93B705-9582-464D-93B7-1164CAE43675}.Debug|Any CPU.Build.0 = Debug|Any CPU
		{8A93B705-9582-464D-93B7-1164CAE43675}.Release|Any CPU.ActiveCfg = Release|Any CPU
		{8A93B705-9582-464D-93B7-1164CAE43675}.Release|Any CPU.Build.0 = Release|Any CPU
		{B58EEABE-28DA-4CE7-B14E-C8A4262C6EE4}.Debug|Any CPU.ActiveCfg = Debug|Any CPU
		{B58EEABE-28DA-4CE7-B14E-C8A4262C6EE4}.Debug|Any CPU.Build.0 = Debug|Any CPU
		{B58EEABE-28DA-4CE7-B14E-C8A4262C6EE4}.Release|Any CPU.ActiveCfg = Release|Any CPU
		{B58EEABE-28DA-4CE7-B14E-C8A4262C6EE4}.Release|Any CPU.Build.0 = Release|Any CPU
		{DAB7FAB8-3501-4E51-B94F-A2E74AEA90CD}.Debug|Any CPU.ActiveCfg = Debug|Any CPU
		{DAB7FAB8-3501-4E51-B94F-A2E74AEA90CD}.Debug|Any CPU.Build.0 = Debug|Any CPU
		{DAB7FAB8-3501-4E51-B94F-A2E74AEA90CD}.Release|Any CPU.ActiveCfg = Release|Any CPU
		{DAB7FAB8-3501-4E51-B94F-A2E74AEA90CD}.Release|Any CPU.Build.0 = Release|Any CPU
		{40CC1BB0-A036-478A-9443-77ED6B72CFB1}.Debug|Any CPU.ActiveCfg = Debug|Any CPU
		{40CC1BB0-A036-478A-9443-77ED6B72CFB1}.Debug|Any CPU.Build.0 = Debug|Any CPU
		{40CC1BB0-A036-478A-9443-77ED6B72CFB1}.Release|Any CPU.ActiveCfg = Release|Any CPU
		{40CC1BB0-A036-478A-9443-77ED6B72CFB1}.Release|Any CPU.Build.0 = Release|Any CPU
		{87535B09-1463-468F-9CDF-8F60D0B76FDE}.Debug|Any CPU.ActiveCfg = Debug|Any CPU
		{87535B09-1463-468F-9CDF-8F60D0B76FDE}.Debug|Any CPU.Build.0 = Debug|Any CPU
		{87535B09-1463-468F-9CDF-8F60D0B76FDE}.Release|Any CPU.ActiveCfg = Release|Any CPU
		{87535B09-1463-468F-9CDF-8F60D0B76FDE}.Release|Any CPU.Build.0 = Release|Any CPU
		{C92A6FED-A3CC-4909-95D5-DE05D1B99970}.Debug|Any CPU.ActiveCfg = Debug|Any CPU
		{C92A6FED-A3CC-4909-95D5-DE05D1B99970}.Debug|Any CPU.Build.0 = Debug|Any CPU
		{C92A6FED-A3CC-4909-95D5-DE05D1B99970}.Release|Any CPU.ActiveCfg = Release|Any CPU
		{C92A6FED-A3CC-4909-95D5-DE05D1B99970}.Release|Any CPU.Build.0 = Release|Any CPU
		{021A0A87-7691-4472-94AD-57887D39378F}.Debug|Any CPU.ActiveCfg = Debug|Any CPU
		{021A0A87-7691-4472-94AD-57887D39378F}.Debug|Any CPU.Build.0 = Debug|Any CPU
		{021A0A87-7691-4472-94AD-57887D39378F}.Release|Any CPU.ActiveCfg = Release|Any CPU
		{021A0A87-7691-4472-94AD-57887D39378F}.Release|Any CPU.Build.0 = Release|Any CPU
		{DE7FD4F0-E150-4926-A459-6437DCBA7D18}.Debug|Any CPU.ActiveCfg = Debug|Any CPU
		{DE7FD4F0-E150-4926-A459-6437DCBA7D18}.Debug|Any CPU.Build.0 = Debug|Any CPU
		{DE7FD4F0-E150-4926-A459-6437DCBA7D18}.Release|Any CPU.ActiveCfg = Release|Any CPU
		{DE7FD4F0-E150-4926-A459-6437DCBA7D18}.Release|Any CPU.Build.0 = Release|Any CPU
		{F8F3219B-233D-49ED-BAF8-F976372B2403}.Debug|Any CPU.ActiveCfg = Debug|Any CPU
		{F8F3219B-233D-49ED-BAF8-F976372B2403}.Debug|Any CPU.Build.0 = Debug|Any CPU
		{F8F3219B-233D-49ED-BAF8-F976372B2403}.Release|Any CPU.ActiveCfg = Release|Any CPU
		{F8F3219B-233D-49ED-BAF8-F976372B2403}.Release|Any CPU.Build.0 = Release|Any CPU
		{9FE8567D-317A-468F-9BBD-BBCFBD4EE82B}.Debug|Any CPU.ActiveCfg = Debug|Any CPU
		{9FE8567D-317A-468F-9BBD-BBCFBD4EE82B}.Debug|Any CPU.Build.0 = Debug|Any CPU
		{9FE8567D-317A-468F-9BBD-BBCFBD4EE82B}.Release|Any CPU.ActiveCfg = Release|Any CPU
		{9FE8567D-317A-468F-9BBD-BBCFBD4EE82B}.Release|Any CPU.Build.0 = Release|Any CPU
	EndGlobalSection
	GlobalSection(SolutionProperties) = preSolution
		HideSolutionNode = FALSE
	EndGlobalSection
	GlobalSection(NestedProjects) = preSolution
		{8DDA9DE7-5877-43A2-A059-ABF5950A85D6} = {02EA681E-C7D8-13C7-8484-4AC65E1B71E8}
		{ADF77C5C-2A18-4C0F-9BA4-2D0605D58D78} = {02EA681E-C7D8-13C7-8484-4AC65E1B71E8}
		{9AB2810D-3061-4962-B879-368EA5914E75} = {02EA681E-C7D8-13C7-8484-4AC65E1B71E8}
		{3B10B9C4-36E8-4C7A-8D65-E70793F4038E} = {C249B59D-F098-4953-A8D3-40161031E341}
		{32443A6F-434E-4992-BD6B-6774BBAAE036} = {C249B59D-F098-4953-A8D3-40161031E341}
		{F0A9EAEA-446A-4976-AC6F-0AE8D7123470} = {C249B59D-F098-4953-A8D3-40161031E341}
		{A78CE371-DE8D-47D8-BCD6-613DF139B9A5} = {A991928C-3B2E-400E-9454-BF3FB1159D20}
		{9A7E7155-002D-4D64-BF72-A2635650E8A6} = {A991928C-3B2E-400E-9454-BF3FB1159D20}
		{BB1750EA-94BE-4A4A-BCC0-075A4241483C} = {A991928C-3B2E-400E-9454-BF3FB1159D20}
		{5567049E-226C-495F-8478-86F72074609C} = {562838F6-9BDD-4412-86B7-C60E4DCE8538}
		{4536E1DA-52B2-4B6F-9056-652CD502455E} = {562838F6-9BDD-4412-86B7-C60E4DCE8538}
		{F6ABB760-9E39-49D8-964E-1B3FFA27825A} = {562838F6-9BDD-4412-86B7-C60E4DCE8538}
		{2002F5AC-D6FA-49AF-80FF-75C3089F5C42} = {20FD8882-5EF5-48EF-AA53-FDD5494851D0}
		{CF93BF21-CDD7-4C7A-A886-1960CC20470E} = {20FD8882-5EF5-48EF-AA53-FDD5494851D0}
		{8A93B705-9582-464D-93B7-1164CAE43675} = {20FD8882-5EF5-48EF-AA53-FDD5494851D0}
		{B58EEABE-28DA-4CE7-B14E-C8A4262C6EE4} = {442CC355-DD9F-4EA8-BB4F-4638B987A2E8}
		{DAB7FAB8-3501-4E51-B94F-A2E74AEA90CD} = {442CC355-DD9F-4EA8-BB4F-4638B987A2E8}
		{40CC1BB0-A036-478A-9443-77ED6B72CFB1} = {442CC355-DD9F-4EA8-BB4F-4638B987A2E8}
		{87535B09-1463-468F-9CDF-8F60D0B76FDE} = {524EEB7A-A0A1-468B-8D6F-0D5482676649}
		{C92A6FED-A3CC-4909-95D5-DE05D1B99970} = {524EEB7A-A0A1-468B-8D6F-0D5482676649}
		{021A0A87-7691-4472-94AD-57887D39378F} = {524EEB7A-A0A1-468B-8D6F-0D5482676649}
		{DE7FD4F0-E150-4926-A459-6437DCBA7D18} = {1D2F46F1-0FA9-4125-AE9E-BF7821058CC3}
		{F8F3219B-233D-49ED-BAF8-F976372B2403} = {1D2F46F1-0FA9-4125-AE9E-BF7821058CC3}
		{9FE8567D-317A-468F-9BBD-BBCFBD4EE82B} = {1D2F46F1-0FA9-4125-AE9E-BF7821058CC3}
	EndGlobalSection
	GlobalSection(ExtensibilityGlobals) = postSolution
		SolutionGuid = {19434AC4-1E59-4FA7-8060-417CF5D8C9DD}
	EndGlobalSection
EndGlobal
